// !$*UTF8*$!
{
	archiveVersion = 1;
	classes = {
	};
	objectVersion = 55;
	objects = {

/* Begin PBXBuildFile section */
		B548E3FE283477260068FAA2 /* InfoView.swift in Sources */ = {isa = PBXBuildFile; fileRef = B548E3FD283477260068FAA2 /* InfoView.swift */; };
		B5556955284DAE3B0045CF69 /* PopupView in Frameworks */ = {isa = PBXBuildFile; productRef = B5556954284DAE3B0045CF69 /* PopupView */; };
		B58F82602848479000523EDC /* MainView.swift in Sources */ = {isa = PBXBuildFile; fileRef = B58F825F2848479000523EDC /* MainView.swift */; };
		B58F82622848479600523EDC /* OthersView.swift in Sources */ = {isa = PBXBuildFile; fileRef = B58F82612848479600523EDC /* OthersView.swift */; };
		B58F82642848479E00523EDC /* ExperienceView.swift in Sources */ = {isa = PBXBuildFile; fileRef = B58F82632848479E00523EDC /* ExperienceView.swift */; };
		B58F8266284847CC00523EDC /* ResumeView.swift in Sources */ = {isa = PBXBuildFile; fileRef = B58F8265284847CC00523EDC /* ResumeView.swift */; };
		B5B8F30328333251004F17C6 /* AboutMeApp.swift in Sources */ = {isa = PBXBuildFile; fileRef = B5B8F30228333251004F17C6 /* AboutMeApp.swift */; };
		B5B8F30528333251004F17C6 /* ContentView.swift in Sources */ = {isa = PBXBuildFile; fileRef = B5B8F30428333251004F17C6 /* ContentView.swift */; };
		B5B8F30728333256004F17C6 /* Assets.xcassets in Resources */ = {isa = PBXBuildFile; fileRef = B5B8F30628333256004F17C6 /* Assets.xcassets */; };
		B5B8F30A28333256004F17C6 /* Preview Assets.xcassets in Resources */ = {isa = PBXBuildFile; fileRef = B5B8F30928333256004F17C6 /* Preview Assets.xcassets */; };
		B5B8F31828335F77004F17C6 /* ArticleView.swift in Sources */ = {isa = PBXBuildFile; fileRef = B5B8F31728335F77004F17C6 /* ArticleView.swift */; };
		B5B8F31E2833788C004F17C6 /* WeclomeView.swift in Sources */ = {isa = PBXBuildFile; fileRef = B5B8F31D2833788C004F17C6 /* WeclomeView.swift */; };
		B5B8F32028338D66004F17C6 /* Launch Screen.storyboard in Resources */ = {isa = PBXBuildFile; fileRef = B5B8F31F28338D66004F17C6 /* Launch Screen.storyboard */; };
		B5B8F3222833D51D004F17C6 /* Article.swift in Sources */ = {isa = PBXBuildFile; fileRef = B5B8F3212833D51B004F17C6 /* Article.swift */; };
		B5B8F3242833D75E004F17C6 /* ArticleDeatilView.swift in Sources */ = {isa = PBXBuildFile; fileRef = B5B8F3232833D75E004F17C6 /* ArticleDeatilView.swift */; };
		B5C02CBA284C5A56001A0A61 /* MarkdownUI in Frameworks */ = {isa = PBXBuildFile; productRef = B5C02CB9284C5A56001A0A61 /* MarkdownUI */; };
		B5C02CBD284C5A9F001A0A61 /* Liquid in Frameworks */ = {isa = PBXBuildFile; productRef = B5C02CBC284C5A9F001A0A61 /* Liquid */; };
		B5C02CC5284CC40A001A0A61 /* BetterSafariView in Frameworks */ = {isa = PBXBuildFile; productRef = B5C02CC4284CC40A001A0A61 /* BetterSafariView */; };
/* End PBXBuildFile section */

/* Begin PBXFileReference section */
		B548E3FD283477260068FAA2 /* InfoView.swift */ = {isa = PBXFileReference; lastKnownFileType = sourcecode.swift; path = InfoView.swift; sourceTree = "<group>"; };
		B58F825F2848479000523EDC /* MainView.swift */ = {isa = PBXFileReference; fileEncoding = 4; lastKnownFileType = sourcecode.swift; path = MainView.swift; sourceTree = "<group>"; };
		B58F82612848479600523EDC /* OthersView.swift */ = {isa = PBXFileReference; fileEncoding = 4; lastKnownFileType = sourcecode.swift; path = OthersView.swift; sourceTree = "<group>"; };
		B58F82632848479E00523EDC /* ExperienceView.swift */ = {isa = PBXFileReference; fileEncoding = 4; lastKnownFileType = sourcecode.swift; path = ExperienceView.swift; sourceTree = "<group>"; };
		B58F8265284847CC00523EDC /* ResumeView.swift */ = {isa = PBXFileReference; fileEncoding = 4; lastKnownFileType = sourcecode.swift; path = ResumeView.swift; sourceTree = "<group>"; };
		B5B8F2FF28333251004F17C6 /* AboutMe.app */ = {isa = PBXFileReference; explicitFileType = wrapper.application; includeInIndex = 0; path = AboutMe.app; sourceTree = BUILT_PRODUCTS_DIR; };
		B5B8F30228333251004F17C6 /* AboutMeApp.swift */ = {isa = PBXFileReference; lastKnownFileType = sourcecode.swift; path = AboutMeApp.swift; sourceTree = "<group>"; };
		B5B8F30428333251004F17C6 /* ContentView.swift */ = {isa = PBXFileReference; lastKnownFileType = sourcecode.swift; path = ContentView.swift; sourceTree = "<group>"; };
		B5B8F30628333256004F17C6 /* Assets.xcassets */ = {isa = PBXFileReference; lastKnownFileType = folder.assetcatalog; path = Assets.xcassets; sourceTree = "<group>"; };
		B5B8F30928333256004F17C6 /* Preview Assets.xcassets */ = {isa = PBXFileReference; lastKnownFileType = folder.assetcatalog; path = "Preview Assets.xcassets"; sourceTree = "<group>"; };
		B5B8F31028334D27004F17C6 /* compile.command */ = {isa = PBXFileReference; lastKnownFileType = text.script.sh; path = compile.command; sourceTree = SOURCE_ROOT; };
		B5B8F31628335E5D004F17C6 /* Info.plist */ = {isa = PBXFileReference; lastKnownFileType = text.plist; path = Info.plist; sourceTree = "<group>"; };
		B5B8F31728335F77004F17C6 /* ArticleView.swift */ = {isa = PBXFileReference; lastKnownFileType = sourcecode.swift; path = ArticleView.swift; sourceTree = "<group>"; };
		B5B8F31D2833788C004F17C6 /* WeclomeView.swift */ = {isa = PBXFileReference; lastKnownFileType = sourcecode.swift; path = WeclomeView.swift; sourceTree = "<group>"; };
		B5B8F31F28338D66004F17C6 /* Launch Screen.storyboard */ = {isa = PBXFileReference; lastKnownFileType = file.storyboard; path = "Launch Screen.storyboard"; sourceTree = "<group>"; };
		B5B8F3212833D51B004F17C6 /* Article.swift */ = {isa = PBXFileReference; lastKnownFileType = sourcecode.swift; path = Article.swift; sourceTree = "<group>"; };
		B5B8F3232833D75E004F17C6 /* ArticleDeatilView.swift */ = {isa = PBXFileReference; lastKnownFileType = sourcecode.swift; path = ArticleDeatilView.swift; sourceTree = "<group>"; };
/* End PBXFileReference section */

/* Begin PBXFrameworksBuildPhase section */
		B5B8F2FC28333251004F17C6 /* Frameworks */ = {
			isa = PBXFrameworksBuildPhase;
			buildActionMask = 2147483647;
			files = (
				B5556955284DAE3B0045CF69 /* PopupView in Frameworks */,
				B5C02CBD284C5A9F001A0A61 /* Liquid in Frameworks */,
				B5C02CBA284C5A56001A0A61 /* MarkdownUI in Frameworks */,
				B5C02CC5284CC40A001A0A61 /* BetterSafariView in Frameworks */,
			);
			runOnlyForDeploymentPostprocessing = 0;
		};
/* End PBXFrameworksBuildPhase section */

/* Begin PBXGroup section */
		B5637720283662240089B611 /* Sources */ = {
			isa = PBXGroup;
			children = (
			);
			path = Sources;
			sourceTree = "<group>";
		};
		B5B8F2F628333251004F17C6 = {
			isa = PBXGroup;
			children = (
				B5B8F31028334D27004F17C6 /* compile.command */,
				B5B8F30128333251004F17C6 /* AboutMe */,
				B5B8F30028333251004F17C6 /* Products */,
			);
			sourceTree = "<group>";
		};
		B5B8F30028333251004F17C6 /* Products */ = {
			isa = PBXGroup;
			children = (
				B5B8F2FF28333251004F17C6 /* AboutMe.app */,
			);
			name = Products;
			sourceTree = "<group>";
		};
		B5B8F30128333251004F17C6 /* AboutMe */ = {
			isa = PBXGroup;
			children = (
				B5B8F31628335E5D004F17C6 /* Info.plist */,
				B5B8F31F28338D66004F17C6 /* Launch Screen.storyboard */,
				B5B8F30228333251004F17C6 /* AboutMeApp.swift */,
				B5B8F30428333251004F17C6 /* ContentView.swift */,
				B5B8F31D2833788C004F17C6 /* WeclomeView.swift */,
				B58F825F2848479000523EDC /* MainView.swift */,
				B58F8265284847CC00523EDC /* ResumeView.swift */,
				B5B8F31728335F77004F17C6 /* ArticleView.swift */,
				B5B8F3232833D75E004F17C6 /* ArticleDeatilView.swift */,
				B58F82632848479E00523EDC /* ExperienceView.swift */,
				B58F82612848479600523EDC /* OthersView.swift */,
				B548E3FD283477260068FAA2 /* InfoView.swift */,
				B5B8F3212833D51B004F17C6 /* Article.swift */,
				B5637720283662240089B611 /* Sources */,
				B5B8F30628333256004F17C6 /* Assets.xcassets */,
				B5B8F30828333256004F17C6 /* Preview Content */,
			);
			path = AboutMe;
			sourceTree = "<group>";
		};
		B5B8F30828333256004F17C6 /* Preview Content */ = {
			isa = PBXGroup;
			children = (
				B5B8F30928333256004F17C6 /* Preview Assets.xcassets */,
			);
			path = "Preview Content";
			sourceTree = "<group>";
		};
/* End PBXGroup section */

/* Begin PBXNativeTarget section */
		B5B8F2FE28333251004F17C6 /* AboutMe */ = {
			isa = PBXNativeTarget;
			buildConfigurationList = B5B8F30D28333256004F17C6 /* Build configuration list for PBXNativeTarget "AboutMe" */;
			buildPhases = (
				B5B8F2FB28333251004F17C6 /* Sources */,
				B5B8F2FC28333251004F17C6 /* Frameworks */,
				B5B8F2FD28333251004F17C6 /* Resources */,
			);
			buildRules = (
			);
			dependencies = (
			);
			name = AboutMe;
			packageProductDependencies = (
				B5C02CB9284C5A56001A0A61 /* MarkdownUI */,
				B5C02CBC284C5A9F001A0A61 /* Liquid */,
				B5C02CC4284CC40A001A0A61 /* BetterSafariView */,
				B5556954284DAE3B0045CF69 /* PopupView */,
			);
			productName = AboutMe;
			productReference = B5B8F2FF28333251004F17C6 /* AboutMe.app */;
			productType = "com.apple.product-type.application";
		};
/* End PBXNativeTarget section */

/* Begin PBXProject section */
		B5B8F2F728333251004F17C6 /* Project object */ = {
			isa = PBXProject;
			attributes = {
				BuildIndependentTargetsInParallel = 1;
				LastSwiftUpdateCheck = 1330;
				LastUpgradeCheck = 1330;
				TargetAttributes = {
					B5B8F2FE28333251004F17C6 = {
						CreatedOnToolsVersion = 13.3.1;
					};
				};
			};
			buildConfigurationList = B5B8F2FA28333251004F17C6 /* Build configuration list for PBXProject "AboutMe" */;
			compatibilityVersion = "Xcode 13.0";
			developmentRegion = en;
			hasScannedForEncodings = 0;
			knownRegions = (
				en,
				Base,
			);
			mainGroup = B5B8F2F628333251004F17C6;
			packageReferences = (
				B5C02CB8284C5A56001A0A61 /* XCRemoteSwiftPackageReference "MarkdownUI" */,
				B5C02CBB284C5A9F001A0A61 /* XCRemoteSwiftPackageReference "liquid" */,
				B5C02CC3284CC409001A0A61 /* XCRemoteSwiftPackageReference "BetterSafariView" */,
				B5556953284DAE3A0045CF69 /* XCRemoteSwiftPackageReference "PopupView" */,
			);
			productRefGroup = B5B8F30028333251004F17C6 /* Products */;
			projectDirPath = "";
			projectRoot = "";
			targets = (
				B5B8F2FE28333251004F17C6 /* AboutMe */,
			);
		};
/* End PBXProject section */

/* Begin PBXResourcesBuildPhase section */
		B5B8F2FD28333251004F17C6 /* Resources */ = {
			isa = PBXResourcesBuildPhase;
			buildActionMask = 2147483647;
			files = (
				B5B8F30A28333256004F17C6 /* Preview Assets.xcassets in Resources */,
				B5B8F32028338D66004F17C6 /* Launch Screen.storyboard in Resources */,
				B5B8F30728333256004F17C6 /* Assets.xcassets in Resources */,
			);
			runOnlyForDeploymentPostprocessing = 0;
		};
/* End PBXResourcesBuildPhase section */

/* Begin PBXSourcesBuildPhase section */
		B5B8F2FB28333251004F17C6 /* Sources */ = {
			isa = PBXSourcesBuildPhase;
			buildActionMask = 2147483647;
			files = (
				B58F8266284847CC00523EDC /* ResumeView.swift in Sources */,
				B5B8F30528333251004F17C6 /* ContentView.swift in Sources */,
				B58F82602848479000523EDC /* MainView.swift in Sources */,
				B5B8F30328333251004F17C6 /* AboutMeApp.swift in Sources */,
				B5B8F3242833D75E004F17C6 /* ArticleDeatilView.swift in Sources */,
				B5B8F31828335F77004F17C6 /* ArticleView.swift in Sources */,
				B58F82622848479600523EDC /* OthersView.swift in Sources */,
				B5B8F31E2833788C004F17C6 /* WeclomeView.swift in Sources */,
				B5B8F3222833D51D004F17C6 /* Article.swift in Sources */,
				B58F82642848479E00523EDC /* ExperienceView.swift in Sources */,
				B548E3FE283477260068FAA2 /* InfoView.swift in Sources */,
			);
			runOnlyForDeploymentPostprocessing = 0;
		};
/* End PBXSourcesBuildPhase section */

/* Begin XCBuildConfiguration section */
		B5B8F30B28333256004F17C6 /* Debug */ = {
			isa = XCBuildConfiguration;
			buildSettings = {
				ALWAYS_SEARCH_USER_PATHS = NO;
				CLANG_ANALYZER_NONNULL = YES;
				CLANG_ANALYZER_NUMBER_OBJECT_CONVERSION = YES_AGGRESSIVE;
				CLANG_CXX_LANGUAGE_STANDARD = "gnu++17";
				CLANG_ENABLE_MODULES = YES;
				CLANG_ENABLE_OBJC_ARC = YES;
				CLANG_ENABLE_OBJC_WEAK = YES;
				CLANG_WARN_BLOCK_CAPTURE_AUTORELEASING = YES;
				CLANG_WARN_BOOL_CONVERSION = YES;
				CLANG_WARN_COMMA = YES;
				CLANG_WARN_CONSTANT_CONVERSION = YES;
				CLANG_WARN_DEPRECATED_OBJC_IMPLEMENTATIONS = YES;
				CLANG_WARN_DIRECT_OBJC_ISA_USAGE = YES_ERROR;
				CLANG_WARN_DOCUMENTATION_COMMENTS = YES;
				CLANG_WARN_EMPTY_BODY = YES;
				CLANG_WARN_ENUM_CONVERSION = YES;
				CLANG_WARN_INFINITE_RECURSION = YES;
				CLANG_WARN_INT_CONVERSION = YES;
				CLANG_WARN_NON_LITERAL_NULL_CONVERSION = YES;
				CLANG_WARN_OBJC_IMPLICIT_RETAIN_SELF = YES;
				CLANG_WARN_OBJC_LITERAL_CONVERSION = YES;
				CLANG_WARN_OBJC_ROOT_CLASS = YES_ERROR;
				CLANG_WARN_QUOTED_INCLUDE_IN_FRAMEWORK_HEADER = YES;
				CLANG_WARN_RANGE_LOOP_ANALYSIS = YES;
				CLANG_WARN_STRICT_PROTOTYPES = YES;
				CLANG_WARN_SUSPICIOUS_MOVE = YES;
				CLANG_WARN_UNGUARDED_AVAILABILITY = YES_AGGRESSIVE;
				CLANG_WARN_UNREACHABLE_CODE = YES;
				CLANG_WARN__DUPLICATE_METHOD_MATCH = YES;
				COPY_PHASE_STRIP = NO;
				DEBUG_INFORMATION_FORMAT = dwarf;
				ENABLE_STRICT_OBJC_MSGSEND = YES;
				ENABLE_TESTABILITY = YES;
				GCC_C_LANGUAGE_STANDARD = gnu11;
				GCC_DYNAMIC_NO_PIC = NO;
				GCC_NO_COMMON_BLOCKS = YES;
				GCC_OPTIMIZATION_LEVEL = 0;
				GCC_PREPROCESSOR_DEFINITIONS = (
					"DEBUG=1",
					"$(inherited)",
				);
				GCC_WARN_64_TO_32_BIT_CONVERSION = YES;
				GCC_WARN_ABOUT_RETURN_TYPE = YES_ERROR;
				GCC_WARN_UNDECLARED_SELECTOR = YES;
				GCC_WARN_UNINITIALIZED_AUTOS = YES_AGGRESSIVE;
				GCC_WARN_UNUSED_FUNCTION = YES;
				GCC_WARN_UNUSED_VARIABLE = YES;
				IPHONEOS_DEPLOYMENT_TARGET = 14.0;
				MTL_ENABLE_DEBUG_INFO = INCLUDE_SOURCE;
				MTL_FAST_MATH = YES;
				ONLY_ACTIVE_ARCH = YES;
				SDKROOT = iphoneos;
				SWIFT_ACTIVE_COMPILATION_CONDITIONS = DEBUG;
				SWIFT_OPTIMIZATION_LEVEL = "-Onone";
			};
			name = Debug;
		};
		B5B8F30C28333256004F17C6 /* Release */ = {
			isa = XCBuildConfiguration;
			buildSettings = {
				ALWAYS_SEARCH_USER_PATHS = NO;
				CLANG_ANALYZER_NONNULL = YES;
				CLANG_ANALYZER_NUMBER_OBJECT_CONVERSION = YES_AGGRESSIVE;
				CLANG_CXX_LANGUAGE_STANDARD = "gnu++17";
				CLANG_ENABLE_MODULES = YES;
				CLANG_ENABLE_OBJC_ARC = YES;
				CLANG_ENABLE_OBJC_WEAK = YES;
				CLANG_WARN_BLOCK_CAPTURE_AUTORELEASING = YES;
				CLANG_WARN_BOOL_CONVERSION = YES;
				CLANG_WARN_COMMA = YES;
				CLANG_WARN_CONSTANT_CONVERSION = YES;
				CLANG_WARN_DEPRECATED_OBJC_IMPLEMENTATIONS = YES;
				CLANG_WARN_DIRECT_OBJC_ISA_USAGE = YES_ERROR;
				CLANG_WARN_DOCUMENTATION_COMMENTS = YES;
				CLANG_WARN_EMPTY_BODY = YES;
				CLANG_WARN_ENUM_CONVERSION = YES;
				CLANG_WARN_INFINITE_RECURSION = YES;
				CLANG_WARN_INT_CONVERSION = YES;
				CLANG_WARN_NON_LITERAL_NULL_CONVERSION = YES;
				CLANG_WARN_OBJC_IMPLICIT_RETAIN_SELF = YES;
				CLANG_WARN_OBJC_LITERAL_CONVERSION = YES;
				CLANG_WARN_OBJC_ROOT_CLASS = YES_ERROR;
				CLANG_WARN_QUOTED_INCLUDE_IN_FRAMEWORK_HEADER = YES;
				CLANG_WARN_RANGE_LOOP_ANALYSIS = YES;
				CLANG_WARN_STRICT_PROTOTYPES = YES;
				CLANG_WARN_SUSPICIOUS_MOVE = YES;
				CLANG_WARN_UNGUARDED_AVAILABILITY = YES_AGGRESSIVE;
				CLANG_WARN_UNREACHABLE_CODE = YES;
				CLANG_WARN__DUPLICATE_METHOD_MATCH = YES;
				COPY_PHASE_STRIP = NO;
				DEBUG_INFORMATION_FORMAT = "dwarf-with-dsym";
				ENABLE_NS_ASSERTIONS = NO;
				ENABLE_STRICT_OBJC_MSGSEND = YES;
				GCC_C_LANGUAGE_STANDARD = gnu11;
				GCC_NO_COMMON_BLOCKS = YES;
				GCC_WARN_64_TO_32_BIT_CONVERSION = YES;
				GCC_WARN_ABOUT_RETURN_TYPE = YES_ERROR;
				GCC_WARN_UNDECLARED_SELECTOR = YES;
				GCC_WARN_UNINITIALIZED_AUTOS = YES_AGGRESSIVE;
				GCC_WARN_UNUSED_FUNCTION = YES;
				GCC_WARN_UNUSED_VARIABLE = YES;
				IPHONEOS_DEPLOYMENT_TARGET = 14.0;
				MTL_ENABLE_DEBUG_INFO = NO;
				MTL_FAST_MATH = YES;
				SDKROOT = iphoneos;
				SWIFT_COMPILATION_MODE = wholemodule;
				SWIFT_OPTIMIZATION_LEVEL = "-O";
				VALIDATE_PRODUCT = YES;
			};
			name = Release;
		};
		B5B8F30E28333256004F17C6 /* Debug */ = {
			isa = XCBuildConfiguration;
			buildSettings = {
				ASSETCATALOG_COMPILER_APPICON_NAME = AppIcon;
				ASSETCATALOG_COMPILER_GLOBAL_ACCENT_COLOR_NAME = AccentColor;
				CODE_SIGN_STYLE = Automatic;
				CURRENT_PROJECT_VERSION = 1;
				DEVELOPMENT_ASSET_PATHS = "\"AboutMe/Preview Content\"";
				DEVELOPMENT_TEAM = 6ZU6RS59RC;
				ENABLE_PREVIEWS = YES;
				GENERATE_INFOPLIST_FILE = YES;
				INFOPLIST_FILE = AboutMe/Info.plist;
				INFOPLIST_KEY_UIApplicationSupportsIndirectInputEvents = YES;
				INFOPLIST_KEY_UILaunchStoryboardName = "Launch Screen.storyboard";
				INFOPLIST_KEY_UIStatusBarHidden = YES;
				INFOPLIST_KEY_UISupportedInterfaceOrientations = UIInterfaceOrientationPortrait;
				INFOPLIST_KEY_UISupportedInterfaceOrientations_iPad = "UIInterfaceOrientationPortrait UIInterfaceOrientationPortraitUpsideDown UIInterfaceOrientationLandscapeLeft UIInterfaceOrientationLandscapeRight";
				INFOPLIST_KEY_UISupportedInterfaceOrientations_iPhone = UIInterfaceOrientationPortrait;
				IPHONEOS_DEPLOYMENT_TARGET = 14.0;
				LD_RUNPATH_SEARCH_PATHS = (
					"$(inherited)",
					"@executable_path/Frameworks",
				);
				MARKETING_VERSION = 1.1;
				PRODUCT_BUNDLE_IDENTIFIER = com.powen.AboutMe;
				PRODUCT_NAME = "$(TARGET_NAME)";
				SWIFT_EMIT_LOC_STRINGS = YES;
				SWIFT_VERSION = 5.0;
				TARGETED_DEVICE_FAMILY = "1,2";
			};
			name = Debug;
		};
		B5B8F30F28333256004F17C6 /* Release */ = {
			isa = XCBuildConfiguration;
			buildSettings = {
				ASSETCATALOG_COMPILER_APPICON_NAME = AppIcon;
				ASSETCATALOG_COMPILER_GLOBAL_ACCENT_COLOR_NAME = AccentColor;
				CODE_SIGN_STYLE = Automatic;
				CURRENT_PROJECT_VERSION = 1;
				DEVELOPMENT_ASSET_PATHS = "\"AboutMe/Preview Content\"";
				DEVELOPMENT_TEAM = 6ZU6RS59RC;
				ENABLE_PREVIEWS = YES;
				GENERATE_INFOPLIST_FILE = YES;
				INFOPLIST_FILE = AboutMe/Info.plist;
				INFOPLIST_KEY_UIApplicationSupportsIndirectInputEvents = YES;
				INFOPLIST_KEY_UILaunchStoryboardName = "Launch Screen.storyboard";
				INFOPLIST_KEY_UIStatusBarHidden = YES;
				INFOPLIST_KEY_UISupportedInterfaceOrientations = UIInterfaceOrientationPortrait;
				INFOPLIST_KEY_UISupportedInterfaceOrientations_iPad = "UIInterfaceOrientationPortrait UIInterfaceOrientationPortraitUpsideDown UIInterfaceOrientationLandscapeLeft UIInterfaceOrientationLandscapeRight";
				INFOPLIST_KEY_UISupportedInterfaceOrientations_iPhone = UIInterfaceOrientationPortrait;
				IPHONEOS_DEPLOYMENT_TARGET = 14.0;
				LD_RUNPATH_SEARCH_PATHS = (
					"$(inherited)",
					"@executable_path/Frameworks",
				);
				MARKETING_VERSION = 1.1;
				PRODUCT_BUNDLE_IDENTIFIER = com.powen.AboutMe;
				PRODUCT_NAME = "$(TARGET_NAME)";
				SWIFT_EMIT_LOC_STRINGS = YES;
				SWIFT_VERSION = 5.0;
				TARGETED_DEVICE_FAMILY = "1,2";
			};
			name = Release;
		};
/* End XCBuildConfiguration section */

/* Begin XCConfigurationList section */
		B5B8F2FA28333251004F17C6 /* Build configuration list for PBXProject "AboutMe" */ = {
			isa = XCConfigurationList;
			buildConfigurations = (
				B5B8F30B28333256004F17C6 /* Debug */,
				B5B8F30C28333256004F17C6 /* Release */,
			);
			defaultConfigurationIsVisible = 0;
			defaultConfigurationName = Release;
		};
		B5B8F30D28333256004F17C6 /* Build configuration list for PBXNativeTarget "AboutMe" */ = {
			isa = XCConfigurationList;
			buildConfigurations = (
				B5B8F30E28333256004F17C6 /* Debug */,
				B5B8F30F28333256004F17C6 /* Release */,
			);
			defaultConfigurationIsVisible = 0;
			defaultConfigurationName = Release;
		};
/* End XCConfigurationList section */

/* Begin XCRemoteSwiftPackageReference section */
		B5556953284DAE3A0045CF69 /* XCRemoteSwiftPackageReference "PopupView" */ = {
			isa = XCRemoteSwiftPackageReference;
			repositoryURL = "https://github.com/exyte/PopupView";
			requirement = {
				branch = master;
				kind = branch;
			};
		};
		B5C02CB8284C5A56001A0A61 /* XCRemoteSwiftPackageReference "MarkdownUI" */ = {
			isa = XCRemoteSwiftPackageReference;
			repositoryURL = "https://github.com/gonzalezreal/MarkdownUI";
			requirement = {
				kind = upToNextMajorVersion;
				minimumVersion = 1.0.0;
			};
		};
		B5C02CBB284C5A9F001A0A61 /* XCRemoteSwiftPackageReference "liquid" */ = {
			isa = XCRemoteSwiftPackageReference;
			repositoryURL = "https://github.com/maustinstar/liquid";
			requirement = {
				branch = master;
				kind = branch;
			};
		};
		B5C02CC3284CC409001A0A61 /* XCRemoteSwiftPackageReference "BetterSafariView" */ = {
			isa = XCRemoteSwiftPackageReference;
			repositoryURL = "https://github.com/stleamist/BetterSafariView.git";
			requirement = {
				branch = main;
				kind = branch;
			};
		};
/* End XCRemoteSwiftPackageReference section */

/* Begin XCSwiftPackageProductDependency section */
		B5556954284DAE3B0045CF69 /* PopupView */ = {
			isa = XCSwiftPackageProductDependency;
			package = B5556953284DAE3A0045CF69 /* XCRemoteSwiftPackageReference "PopupView" */;
			productName = PopupView;
		};
		B5C02CB9284C5A56001A0A61 /* MarkdownUI */ = {
			isa = XCSwiftPackageProductDependency;
			package = B5C02CB8284C5A56001A0A61 /* XCRemoteSwiftPackageReference "MarkdownUI" */;
			productName = MarkdownUI;
		};
		B5C02CBC284C5A9F001A0A61 /* Liquid */ = {
			isa = XCSwiftPackageProductDependency;
			package = B5C02CBB284C5A9F001A0A61 /* XCRemoteSwiftPackageReference "liquid" */;
			productName = Liquid;
		};
		B5C02CC4284CC40A001A0A61 /* BetterSafariView */ = {
			isa = XCSwiftPackageProductDependency;
			package = B5C02CC3284CC409001A0A61 /* XCRemoteSwiftPackageReference "BetterSafariView" */;
			productName = BetterSafariView;
		};
/* End XCSwiftPackageProductDependency section */
	};
	rootObject = B5B8F2F728333251004F17C6 /* Project object */;
}
